
Microsoft Visual Studio Solution File, Format Version 12.00
# Visual Studio Version 16
VisualStudioVersion = 16.0.30114.105
MinimumVisualStudioVersion = 10.0.40219.1
Project("{FAE04EC0-301F-11D3-BF4B-00C04F79EFBC}") = "SalkoDev.EDMS.TestApp", "SalkoDev.EDMS.TestApp\SalkoDev.EDMS.TestApp.csproj", "{1E09562B-0DD4-46AB-B6EF-A74AA20ECB90}"
EndProject
Project("{9A19103F-16F7-4668-BE54-9A1E7A4F7556}") = "SalkoDev.Organization.Data", "SalkoDev.Organization.Data\SalkoDev.Organization.Data.csproj", "{C29FBCB7-63DF-4B01-BB92-23D4815EE4EB}"
EndProject
Project("{9A19103F-16F7-4668-BE54-9A1E7A4F7556}") = "SalkoDev.Organization.Data.Mongo", "SalkoDev.Organization.Data.Mongo\SalkoDev.Organization.Data.Mongo.csproj", "{A490E0A0-A4D9-4778-B0C2-5A69C447E871}"
EndProject
Global
	GlobalSection(SolutionConfigurationPlatforms) = preSolution
		Debug|Any CPU = Debug|Any CPU
		Release|Any CPU = Release|Any CPU
	EndGlobalSection
	GlobalSection(ProjectConfigurationPlatforms) = postSolution
		{1E09562B-0DD4-46AB-B6EF-A74AA20ECB90}.Debug|Any CPU.ActiveCfg = Debug|Any CPU
		{1E09562B-0DD4-46AB-B6EF-A74AA20ECB90}.Debug|Any CPU.Build.0 = Debug|Any CPU
		{1E09562B-0DD4-46AB-B6EF-A74AA20ECB90}.Release|Any CPU.ActiveCfg = Release|Any CPU
		{1E09562B-0DD4-46AB-B6EF-A74AA20ECB90}.Release|Any CPU.Build.0 = Release|Any CPU
		{C29FBCB7-63DF-4B01-BB92-23D4815EE4EB}.Debug|Any CPU.ActiveCfg = Debug|Any CPU
		{C29FBCB7-63DF-4B01-BB92-23D4815EE4EB}.Debug|Any CPU.Build.0 = Debug|Any CPU
		{C29FBCB7-63DF-4B01-BB92-23D4815EE4EB}.Release|Any CPU.ActiveCfg = Release|Any CPU
		{C29FBCB7-63DF-4B01-BB92-23D4815EE4EB}.Release|Any CPU.Build.0 = Release|Any CPU
		{A490E0A0-A4D9-4778-B0C2-5A69C447E871}.Debug|Any CPU.ActiveCfg = Debug|Any CPU
		{A490E0A0-A4D9-4778-B0C2-5A69C447E871}.Debug|Any CPU.Build.0 = Debug|Any CPU
		{A490E0A0-A4D9-4778-B0C2-5A69C447E871}.Release|Any CPU.ActiveCfg = Release|Any CPU
		{A490E0A0-A4D9-4778-B0C2-5A69C447E871}.Release|Any CPU.Build.0 = Release|Any CPU
	EndGlobalSection
	GlobalSection(SolutionProperties) = preSolution
		HideSolutionNode = FALSE
	EndGlobalSection
	GlobalSection(ExtensibilityGlobals) = postSolution
		SolutionGuid = {3AF3583E-D3D6-4F2E-A8E0-AD6A4717048D}
	EndGlobalSection
EndGlobal
